
Microsoft Visual Studio Solution File, Format Version 12.00
# Visual Studio 14
VisualStudioVersion = 14.0.25420.1
MinimumVisualStudioVersion = 10.0.40219.1
Project("{8BC9CEB8-8B4A-11D0-8D11-00A0C91BC942}") = "FirstProj", "FirstProj\FirstProj.vcxproj", "{5C0D64A1-E71F-4CD8-A95E-BD74D1F233E6}"
EndProject
Project("{8BC9CEB8-8B4A-11D0-8D11-00A0C91BC942}") = "ex5", "ex5\ex5.vcxproj", "{C9704AE2-FAB2-4AE9-A116-0FEB9735EEE1}"
EndProject
Project("{8BC9CEB8-8B4A-11D0-8D11-00A0C91BC942}") = "ex3", "ex3\ex3.vcxproj", "{257D5AF3-9CBB-4E86-8A06-8F4B7F5149A1}"
EndProject
Project("{8BC9CEB8-8B4A-11D0-8D11-00A0C91BC942}") = "ex2", "ex2\ex2.vcxproj", "{5719A06D-99DD-481D-BEC2-9E5040DD06BD}"
EndProject
Project("{8BC9CEB8-8B4A-11D0-8D11-00A0C91BC942}") = "CDebag", "CDebag\CDebag.vcxproj", "{FDB75475-DA2B-4FB5-ACD4-4C8814E12152}"
EndProject
Project("{8BC9CEB8-8B4A-11D0-8D11-00A0C91BC942}") = "ex3b", "ex3b\ex3b.vcxproj", "{02500EBE-08C4-4C2D-9F3E-F9293EEBEE11}"
EndProject
Project("{8BC9CEB8-8B4A-11D0-8D11-00A0C91BC942}") = "ex4b", "ex4b\ex4b.vcxproj", "{AE1D7CE0-3EFA-4CD5-BB37-EDB9D12F166D}"
EndProject
Project("{8BC9CEB8-8B4A-11D0-8D11-00A0C91BC942}") = "structs", "structs\structs.vcxproj", "{FBD5EA63-58AC-4455-ACF9-A11557B6966A}"
EndProject
Project("{8BC9CEB8-8B4A-11D0-8D11-00A0C91BC942}") = "repInMem", "repInMem\repInMem.vcxproj", "{9C973C5B-8DA4-4BBC-A31A-704450A6857A}"
EndProject
Project("{8BC9CEB8-8B4A-11D0-8D11-00A0C91BC942}") = "add2", "add2\add2.vcxproj", "{019A4EDE-A266-4776-B50F-BDE2323B744F}"
EndProject
Project("{8BC9CEB8-8B4A-11D0-8D11-00A0C91BC942}") = "proj", "proj\proj.vcxproj", "{4801FAF4-6A90-41CC-A81D-5AB4D5FE0036}"
EndProject
Project("{8BC9CEB8-8B4A-11D0-8D11-00A0C91BC942}") = "convert2c", "ConsoleApplication1\ConsoleApplication1.vcxproj", "{3078461C-8AA1-4EBC-9130-A0E3469F71AF}"
EndProject
Project("{8BC9CEB8-8B4A-11D0-8D11-00A0C91BC942}") = "HelloWorld", "HelloWorld\HelloWorld.vcxproj", "{3824D004-64FB-4B32-A6AC-72E46CA2056B}"
EndProject
Global
	GlobalSection(SolutionConfigurationPlatforms) = preSolution
		Debug|x64 = Debug|x64
		Debug|x86 = Debug|x86
		Release|x64 = Release|x64
		Release|x86 = Release|x86
	EndGlobalSection
	GlobalSection(ProjectConfigurationPlatforms) = postSolution
		{5C0D64A1-E71F-4CD8-A95E-BD74D1F233E6}.Debug|x64.ActiveCfg = Debug|x64
		{5C0D64A1-E71F-4CD8-A95E-BD74D1F233E6}.Debug|x64.Build.0 = Debug|x64
		{5C0D64A1-E71F-4CD8-A95E-BD74D1F233E6}.Debug|x86.ActiveCfg = Debug|Win32
		{5C0D64A1-E71F-4CD8-A95E-BD74D1F233E6}.Debug|x86.Build.0 = Debug|Win32
		{5C0D64A1-E71F-4CD8-A95E-BD74D1F233E6}.Release|x64.ActiveCfg = Release|x64
		{5C0D64A1-E71F-4CD8-A95E-BD74D1F233E6}.Release|x64.Build.0 = Release|x64
		{5C0D64A1-E71F-4CD8-A95E-BD74D1F233E6}.Release|x86.ActiveCfg = Release|Win32
		{5C0D64A1-E71F-4CD8-A95E-BD74D1F233E6}.Release|x86.Build.0 = Release|Win32
		{C9704AE2-FAB2-4AE9-A116-0FEB9735EEE1}.Debug|x64.ActiveCfg = Debug|x64
		{C9704AE2-FAB2-4AE9-A116-0FEB9735EEE1}.Debug|x64.Build.0 = Debug|x64
		{C9704AE2-FAB2-4AE9-A116-0FEB9735EEE1}.Debug|x86.ActiveCfg = Debug|Win32
		{C9704AE2-FAB2-4AE9-A116-0FEB9735EEE1}.Debug|x86.Build.0 = Debug|Win32
		{C9704AE2-FAB2-4AE9-A116-0FEB9735EEE1}.Release|x64.ActiveCfg = Release|x64
		{C9704AE2-FAB2-4AE9-A116-0FEB9735EEE1}.Release|x64.Build.0 = Release|x64
		{C9704AE2-FAB2-4AE9-A116-0FEB9735EEE1}.Release|x86.ActiveCfg = Release|Win32
		{C9704AE2-FAB2-4AE9-A116-0FEB9735EEE1}.Release|x86.Build.0 = Release|Win32
		{257D5AF3-9CBB-4E86-8A06-8F4B7F5149A1}.Debug|x64.ActiveCfg = Debug|x64
		{257D5AF3-9CBB-4E86-8A06-8F4B7F5149A1}.Debug|x64.Build.0 = Debug|x64
		{257D5AF3-9CBB-4E86-8A06-8F4B7F5149A1}.Debug|x86.ActiveCfg = Debug|Win32
		{257D5AF3-9CBB-4E86-8A06-8F4B7F5149A1}.Debug|x86.Build.0 = Debug|Win32
		{257D5AF3-9CBB-4E86-8A06-8F4B7F5149A1}.Release|x64.ActiveCfg = Release|x64
		{257D5AF3-9CBB-4E86-8A06-8F4B7F5149A1}.Release|x64.Build.0 = Release|x64
		{257D5AF3-9CBB-4E86-8A06-8F4B7F5149A1}.Release|x86.ActiveCfg = Release|Win32
		{257D5AF3-9CBB-4E86-8A06-8F4B7F5149A1}.Release|x86.Build.0 = Release|Win32
		{5719A06D-99DD-481D-BEC2-9E5040DD06BD}.Debug|x64.ActiveCfg = Debug|x64
		{5719A06D-99DD-481D-BEC2-9E5040DD06BD}.Debug|x64.Build.0 = Debug|x64
		{5719A06D-99DD-481D-BEC2-9E5040DD06BD}.Debug|x86.ActiveCfg = Debug|Win32
		{5719A06D-99DD-481D-BEC2-9E5040DD06BD}.Debug|x86.Build.0 = Debug|Win32
		{5719A06D-99DD-481D-BEC2-9E5040DD06BD}.Release|x64.ActiveCfg = Release|x64
		{5719A06D-99DD-481D-BEC2-9E5040DD06BD}.Release|x64.Build.0 = Release|x64
		{5719A06D-99DD-481D-BEC2-9E5040DD06BD}.Release|x86.ActiveCfg = Release|Win32
		{5719A06D-99DD-481D-BEC2-9E5040DD06BD}.Release|x86.Build.0 = Release|Win32
		{FDB75475-DA2B-4FB5-ACD4-4C8814E12152}.Debug|x64.ActiveCfg = Debug|x64
		{FDB75475-DA2B-4FB5-ACD4-4C8814E12152}.Debug|x64.Build.0 = Debug|x64
		{FDB75475-DA2B-4FB5-ACD4-4C8814E12152}.Debug|x86.ActiveCfg = Debug|Win32
		{FDB75475-DA2B-4FB5-ACD4-4C8814E12152}.Debug|x86.Build.0 = Debug|Win32
		{FDB75475-DA2B-4FB5-ACD4-4C8814E12152}.Release|x64.ActiveCfg = Release|x64
		{FDB75475-DA2B-4FB5-ACD4-4C8814E12152}.Release|x64.Build.0 = Release|x64
		{FDB75475-DA2B-4FB5-ACD4-4C8814E12152}.Release|x86.ActiveCfg = Release|Win32
		{FDB75475-DA2B-4FB5-ACD4-4C8814E12152}.Release|x86.Build.0 = Release|Win32
		{02500EBE-08C4-4C2D-9F3E-F9293EEBEE11}.Debug|x64.ActiveCfg = Debug|x64
		{02500EBE-08C4-4C2D-9F3E-F9293EEBEE11}.Debug|x64.Build.0 = Debug|x64
		{02500EBE-08C4-4C2D-9F3E-F9293EEBEE11}.Debug|x86.ActiveCfg = Debug|Win32
		{02500EBE-08C4-4C2D-9F3E-F9293EEBEE11}.Debug|x86.Build.0 = Debug|Win32
		{02500EBE-08C4-4C2D-9F3E-F9293EEBEE11}.Release|x64.ActiveCfg = Release|x64
		{02500EBE-08C4-4C2D-9F3E-F9293EEBEE11}.Release|x64.Build.0 = Release|x64
		{02500EBE-08C4-4C2D-9F3E-F9293EEBEE11}.Release|x86.ActiveCfg = Release|Win32
		{02500EBE-08C4-4C2D-9F3E-F9293EEBEE11}.Release|x86.Build.0 = Release|Win32
		{AE1D7CE0-3EFA-4CD5-BB37-EDB9D12F166D}.Debug|x64.ActiveCfg = Debug|x64
		{AE1D7CE0-3EFA-4CD5-BB37-EDB9D12F166D}.Debug|x64.Build.0 = Debug|x64
		{AE1D7CE0-3EFA-4CD5-BB37-EDB9D12F166D}.Debug|x86.ActiveCfg = Debug|Win32
		{AE1D7CE0-3EFA-4CD5-BB37-EDB9D12F166D}.Debug|x86.Build.0 = Debug|Win32
		{AE1D7CE0-3EFA-4CD5-BB37-EDB9D12F166D}.Release|x64.ActiveCfg = Release|x64
		{AE1D7CE0-3EFA-4CD5-BB37-EDB9D12F166D}.Release|x64.Build.0 = Release|x64
		{AE1D7CE0-3EFA-4CD5-BB37-EDB9D12F166D}.Release|x86.ActiveCfg = Release|Win32
		{AE1D7CE0-3EFA-4CD5-BB37-EDB9D12F166D}.Release|x86.Build.0 = Release|Win32
		{FBD5EA63-58AC-4455-ACF9-A11557B6966A}.Debug|x64.ActiveCfg = Debug|x64
		{FBD5EA63-58AC-4455-ACF9-A11557B6966A}.Debug|x64.Build.0 = Debug|x64
		{FBD5EA63-58AC-4455-ACF9-A11557B6966A}.Debug|x86.ActiveCfg = Debug|Win32
		{FBD5EA63-58AC-4455-ACF9-A11557B6966A}.Debug|x86.Build.0 = Debug|Win32
		{FBD5EA63-58AC-4455-ACF9-A11557B6966A}.Release|x64.ActiveCfg = Release|x64
		{FBD5EA63-58AC-4455-ACF9-A11557B6966A}.Release|x64.Build.0 = Release|x64
		{FBD5EA63-58AC-4455-ACF9-A11557B6966A}.Release|x86.ActiveCfg = Release|Win32
		{FBD5EA63-58AC-4455-ACF9-A11557B6966A}.Release|x86.Build.0 = Release|Win32
		{9C973C5B-8DA4-4BBC-A31A-704450A6857A}.Debug|x64.ActiveCfg = Debug|x64
		{9C973C5B-8DA4-4BBC-A31A-704450A6857A}.Debug|x64.Build.0 = Debug|x64
		{9C973C5B-8DA4-4BBC-A31A-704450A6857A}.Debug|x86.ActiveCfg = Debug|Win32
		{9C973C5B-8DA4-4BBC-A31A-704450A6857A}.Debug|x86.Build.0 = Debug|Win32
		{9C973C5B-8DA4-4BBC-A31A-704450A6857A}.Release|x64.ActiveCfg = Release|x64
		{9C973C5B-8DA4-4BBC-A31A-704450A6857A}.Release|x64.Build.0 = Release|x64
		{9C973C5B-8DA4-4BBC-A31A-704450A6857A}.Release|x86.ActiveCfg = Release|Win32
		{9C973C5B-8DA4-4BBC-A31A-704450A6857A}.Release|x86.Build.0 = Release|Win32
		{019A4EDE-A266-4776-B50F-BDE2323B744F}.Debug|x64.ActiveCfg = Debug|x64
		{019A4EDE-A266-4776-B50F-BDE2323B744F}.Debug|x64.Build.0 = Debug|x64
		{019A4EDE-A266-4776-B50F-BDE2323B744F}.Debug|x86.ActiveCfg = Debug|Win32
		{019A4EDE-A266-4776-B50F-BDE2323B744F}.Debug|x86.Build.0 = Debug|Win32
		{019A4EDE-A266-4776-B50F-BDE2323B744F}.Release|x64.ActiveCfg = Release|x64
		{019A4EDE-A266-4776-B50F-BDE2323B744F}.Release|x64.Build.0 = Release|x64
		{019A4EDE-A266-4776-B50F-BDE2323B744F}.Release|x86.ActiveCfg = Release|Win32
		{019A4EDE-A266-4776-B50F-BDE2323B744F}.Release|x86.Build.0 = Release|Win32
		{4801FAF4-6A90-41CC-A81D-5AB4D5FE0036}.Debug|x64.ActiveCfg = Debug|x64
		{4801FAF4-6A90-41CC-A81D-5AB4D5FE0036}.Debug|x64.Build.0 = Debug|x64
		{4801FAF4-6A90-41CC-A81D-5AB4D5FE0036}.Debug|x86.ActiveCfg = Debug|Win32
		{4801FAF4-6A90-41CC-A81D-5AB4D5FE0036}.Debug|x86.Build.0 = Debug|Win32
		{4801FAF4-6A90-41CC-A81D-5AB4D5FE0036}.Release|x64.ActiveCfg = Release|x64
		{4801FAF4-6A90-41CC-A81D-5AB4D5FE0036}.Release|x64.Build.0 = Release|x64
		{4801FAF4-6A90-41CC-A81D-5AB4D5FE0036}.Release|x86.ActiveCfg = Release|Win32
		{4801FAF4-6A90-41CC-A81D-5AB4D5FE0036}.Release|x86.Build.0 = Release|Win32
		{3078461C-8AA1-4EBC-9130-A0E3469F71AF}.Debug|x64.ActiveCfg = Debug|x64
		{3078461C-8AA1-4EBC-9130-A0E3469F71AF}.Debug|x64.Build.0 = Debug|x64
		{3078461C-8AA1-4EBC-9130-A0E3469F71AF}.Debug|x86.ActiveCfg = Debug|Win32
		{3078461C-8AA1-4EBC-9130-A0E3469F71AF}.Debug|x86.Build.0 = Debug|Win32
		{3078461C-8AA1-4EBC-9130-A0E3469F71AF}.Release|x64.ActiveCfg = Release|x64
		{3078461C-8AA1-4EBC-9130-A0E3469F71AF}.Release|x64.Build.0 = Release|x64
		{3078461C-8AA1-4EBC-9130-A0E3469F71AF}.Release|x86.ActiveCfg = Release|Win32
		{3078461C-8AA1-4EBC-9130-A0E3469F71AF}.Release|x86.Build.0 = Release|Win32
		{3824D004-64FB-4B32-A6AC-72E46CA2056B}.Debug|x64.ActiveCfg = Debug|x64
		{3824D004-64FB-4B32-A6AC-72E46CA2056B}.Debug|x64.Build.0 = Debug|x64
		{3824D004-64FB-4B32-A6AC-72E46CA2056B}.Debug|x86.ActiveCfg = Debug|Win32
		{3824D004-64FB-4B32-A6AC-72E46CA2056B}.Debug|x86.Build.0 = Debug|Win32
		{3824D004-64FB-4B32-A6AC-72E46CA2056B}.Release|x64.ActiveCfg = Release|x64
		{3824D004-64FB-4B32-A6AC-72E46CA2056B}.Release|x64.Build.0 = Release|x64
		{3824D004-64FB-4B32-A6AC-72E46CA2056B}.Release|x86.ActiveCfg = Release|Win32
		{3824D004-64FB-4B32-A6AC-72E46CA2056B}.Release|x86.Build.0 = Release|Win32
	EndGlobalSection
	GlobalSection(SolutionProperties) = preSolution
		HideSolutionNode = FALSE
	EndGlobalSection
EndGlobal
